
Microsoft Visual Studio Solution File, Format Version 12.00
# Visual Studio Version 16
VisualStudioVersion = 16.0.30523.141
MinimumVisualStudioVersion = 10.0.40219.1
Project("{9A19103F-16F7-4668-BE54-9A1E7A4F7556}") = "MailSenderApp", "MailSenderApp\MailSenderApp.csproj", "{FAB7E17E-F8F0-450E-963D-DF59B8DF1887}"
EndProject
Project("{2150E333-8FDC-42A3-9474-1A3956D46DE8}") = "Tests", "Tests", "{E5F64722-425B-4BE8-8B81-DB3EB5AD9888}"
EndProject
Global
	GlobalSection(SolutionConfigurationPlatforms) = preSolution
		Debug|Any CPU = Debug|Any CPU
		Release|Any CPU = Release|Any CPU
	EndGlobalSection
	GlobalSection(ProjectConfigurationPlatforms) = postSolution
		{FAB7E17E-F8F0-450E-963D-DF59B8DF1887}.Debug|Any CPU.ActiveCfg = Debug|Any CPU
		{FAB7E17E-F8F0-450E-963D-DF59B8DF1887}.Debug|Any CPU.Build.0 = Debug|Any CPU
		{FAB7E17E-F8F0-450E-963D-DF59B8DF1887}.Release|Any CPU.ActiveCfg = Release|Any CPU
		{FAB7E17E-F8F0-450E-963D-DF59B8DF1887}.Release|Any CPU.Build.0 = Release|Any CPU
	EndGlobalSection
	GlobalSection(SolutionProperties) = preSolution
		HideSolutionNode = FALSE
	EndGlobalSection
	GlobalSection(ExtensibilityGlobals) = postSolution
		SolutionGuid = {F7A6F06A-9432-4CDA-9B54-93B5537E6CCD}
	EndGlobalSection
EndGlobal
